
Microsoft Visual Studio Solution File, Format Version 12.00
# Visual Studio 15
VisualStudioVersion = 15.0.27004.2002
MinimumVisualStudioVersion = 10.0.40219.1
Project("{FAE04EC0-301F-11D3-BF4B-00C04F79EFBC}") = "mtapi2", "mtapi2\mtapi2.csproj", "{56989C1A-1240-46DA-9D20-766388F24A9A}"
EndProject
Global
	GlobalSection(SolutionConfigurationPlatforms) = preSolution
		Debug|Any CPU = Debug|Any CPU
		Release|Any CPU = Release|Any CPU
	EndGlobalSection
	GlobalSection(ProjectConfigurationPlatforms) = postSolution
		{56989C1A-1240-46DA-9D20-766388F24A9A}.Debug|Any CPU.ActiveCfg = Debug|Any CPU
		{56989C1A-1240-46DA-9D20-766388F24A9A}.Debug|Any CPU.Build.0 = Debug|Any CPU
		{56989C1A-1240-46DA-9D20-766388F24A9A}.Release|Any CPU.ActiveCfg = Release|Any CPU
		{56989C1A-1240-46DA-9D20-766388F24A9A}.Release|Any CPU.Build.0 = Release|Any CPU
	EndGlobalSection
	GlobalSection(SolutionProperties) = preSolution
		HideSolutionNode = FALSE
	EndGlobalSection
	GlobalSection(ExtensibilityGlobals) = postSolution
		SolutionGuid = {2C6A5C6E-8895-41EA-943E-4212A332A0F5}
	EndGlobalSection
EndGlobal
